
Microsoft Visual Studio Solution File, Format Version 12.00
# Visual Studio 2012
Project("{8BC9CEB8-8B4A-11D0-8D11-00A0C91BC942}") = "Distanta vector puncte", "Distanta vector puncte\Distanta vector puncte.vcxproj", "{B2789342-7A96-4F90-8E83-9746935BD28A}"
EndProject
Global
	GlobalSection(SolutionConfigurationPlatforms) = preSolution
		Debug|Win32 = Debug|Win32
		Release|Win32 = Release|Win32
	EndGlobalSection
	GlobalSection(ProjectConfigurationPlatforms) = postSolution
		{B2789342-7A96-4F90-8E83-9746935BD28A}.Debug|Win32.ActiveCfg = Debug|Win32
		{B2789342-7A96-4F90-8E83-9746935BD28A}.Debug|Win32.Build.0 = Debug|Win32
		{B2789342-7A96-4F90-8E83-9746935BD28A}.Release|Win32.ActiveCfg = Release|Win32
		{B2789342-7A96-4F90-8E83-9746935BD28A}.Release|Win32.Build.0 = Release|Win32
	EndGlobalSection
	GlobalSection(SolutionProperties) = preSolution
		HideSolutionNode = FALSE
	EndGlobalSection
EndGlobal
